
Microsoft Visual Studio Solution File, Format Version 12.00
# Visual Studio 2013
VisualStudioVersion = 12.0.40629.0
MinimumVisualStudioVersion = 10.0.40219.1
Project("{E24C65DC-7377-472B-9ABA-BC803B73C61A}") = "Sukebei-Downloader-gh-pages", "http://localhost:5202", "{2EA22F1C-AA22-4B51-8CED-A00E4C7C895C}"
	ProjectSection(WebsiteProperties) = preProject
		UseIISExpress = "true"
		TargetFrameworkMoniker = ".NETFramework,Version%3Dv4.0"
		Debug.AspNetCompiler.VirtualPath = "/localhost_5202"
		Debug.AspNetCompiler.PhysicalPath = "..\Sukebei-Downloader-gh-pages\"
		Debug.AspNetCompiler.TargetPath = "PrecompiledWeb\localhost_5202\"
		Debug.AspNetCompiler.Updateable = "true"
		Debug.AspNetCompiler.ForceOverwrite = "true"
		Debug.AspNetCompiler.FixedNames = "false"
		Debug.AspNetCompiler.Debug = "True"
		Release.AspNetCompiler.VirtualPath = "/localhost_5202"
		Release.AspNetCompiler.PhysicalPath = "..\Sukebei-Downloader-gh-pages\"
		Release.AspNetCompiler.TargetPath = "PrecompiledWeb\localhost_5202\"
		Release.AspNetCompiler.Updateable = "true"
		Release.AspNetCompiler.ForceOverwrite = "true"
		Release.AspNetCompiler.FixedNames = "false"
		Release.AspNetCompiler.Debug = "False"
		SlnRelativePath = "..\Sukebei-Downloader-gh-pages\"
	EndProjectSection
EndProject
Global
	GlobalSection(SolutionConfigurationPlatforms) = preSolution
		Debug|Any CPU = Debug|Any CPU
	EndGlobalSection
	GlobalSection(ProjectConfigurationPlatforms) = postSolution
		{2EA22F1C-AA22-4B51-8CED-A00E4C7C895C}.Debug|Any CPU.ActiveCfg = Debug|Any CPU
		{2EA22F1C-AA22-4B51-8CED-A00E4C7C895C}.Debug|Any CPU.Build.0 = Debug|Any CPU
	EndGlobalSection
	GlobalSection(SolutionProperties) = preSolution
		HideSolutionNode = FALSE
	EndGlobalSection
EndGlobal
